
Microsoft Visual Studio Solution File, Format Version 12.00
# Visual Studio Version 17
VisualStudioVersion = 17.5.33424.131
MinimumVisualStudioVersion = 10.0.40219.1
Project("{FAE04EC0-301F-11D3-BF4B-00C04F79EFBC}") = "VendingProject", "VendingProject\VendingProject.csproj", "{F1782229-0B72-490D-B38B-F498F676969C}"
EndProject
Global
	GlobalSection(SolutionConfigurationPlatforms) = preSolution
		Debug|Any CPU = Debug|Any CPU
		Release|Any CPU = Release|Any CPU
	EndGlobalSection
	GlobalSection(ProjectConfigurationPlatforms) = postSolution
		{F1782229-0B72-490D-B38B-F498F676969C}.Debug|Any CPU.ActiveCfg = Debug|Any CPU
		{F1782229-0B72-490D-B38B-F498F676969C}.Debug|Any CPU.Build.0 = Debug|Any CPU
		{F1782229-0B72-490D-B38B-F498F676969C}.Release|Any CPU.ActiveCfg = Release|Any CPU
		{F1782229-0B72-490D-B38B-F498F676969C}.Release|Any CPU.Build.0 = Release|Any CPU
	EndGlobalSection
	GlobalSection(SolutionProperties) = preSolution
		HideSolutionNode = FALSE
	EndGlobalSection
	GlobalSection(ExtensibilityGlobals) = postSolution
		SolutionGuid = {FC919E0C-239A-4FAC-9618-28711C6693D5}
	EndGlobalSection
EndGlobal
